
Microsoft Visual Studio Solution File, Format Version 12.00
# Visual Studio Version 17
VisualStudioVersion = 17.4.33213.308
MinimumVisualStudioVersion = 10.0.40219.1
Project("{FAE04EC0-301F-11D3-BF4B-00C04F79EFBC}") = "AskLearn", "AskLearn.csproj", "{8BA42D6B-84A1-4874-A5E7-C72BBD01FA83}"
EndProject
Global
	GlobalSection(SolutionConfigurationPlatforms) = preSolution
		Debug|Any CPU = Debug|Any CPU
		Release|Any CPU = Release|Any CPU
	EndGlobalSection
	GlobalSection(ProjectConfigurationPlatforms) = postSolution
		{8BA42D6B-84A1-4874-A5E7-C72BBD01FA83}.Debug|Any CPU.ActiveCfg = Debug|Any CPU
		{8BA42D6B-84A1-4874-A5E7-C72BBD01FA83}.Debug|Any CPU.Build.0 = Debug|Any CPU
		{8BA42D6B-84A1-4874-A5E7-C72BBD01FA83}.Release|Any CPU.ActiveCfg = Release|Any CPU
		{8BA42D6B-84A1-4874-A5E7-C72BBD01FA83}.Release|Any CPU.Build.0 = Release|Any CPU
	EndGlobalSection
	GlobalSection(SolutionProperties) = preSolution
		HideSolutionNode = FALSE
	EndGlobalSection
	GlobalSection(ExtensibilityGlobals) = postSolution
		SolutionGuid = {A283C7CE-4A5B-4D2A-BD71-B40E08C1E437}
	EndGlobalSection
EndGlobal
